{
  "name": "hello",
  "lockfileVersion": 3,
  "requires": true,
  "packages": {
    "": {
      "dependencies": {
        "an": "^0.0.8"
      }
    },
    "node_modules/an": {
      "version": "0.0.8",
      "resolved": "https://registry.npmjs.org/an/-/an-0.0.8.tgz",
      "integrity": "sha512-18qwQaen7UtxepvaGpzOXZECIj/akxEr0TaDLBzNc2CiQ6ZGZLRgowFpt7Gi0rQqqlTxPhmZNhQ6+uyRyIXBEA=="
    }
  }
}
